
Microsoft Visual Studio Solution File, Format Version 12.00
# Visual Studio Version 17
VisualStudioVersion = 17.9.34607.119
MinimumVisualStudioVersion = 10.0.40219.1
Project("{FAE04EC0-301F-11D3-BF4B-00C04F79EFBC}") = "Booking", "Booking\Booking.csproj", "{D91AB7FE-F8C4-4160-AABC-B95CAC834647}"
EndProject
Global
	GlobalSection(SolutionConfigurationPlatforms) = preSolution
		Debug|Any CPU = Debug|Any CPU
		Release|Any CPU = Release|Any CPU
	EndGlobalSection
	GlobalSection(ProjectConfigurationPlatforms) = postSolution
		{D91AB7FE-F8C4-4160-AABC-B95CAC834647}.Debug|Any CPU.ActiveCfg = Debug|Any CPU
		{D91AB7FE-F8C4-4160-AABC-B95CAC834647}.Debug|Any CPU.Build.0 = Debug|Any CPU
		{D91AB7FE-F8C4-4160-AABC-B95CAC834647}.Release|Any CPU.ActiveCfg = Release|Any CPU
		{D91AB7FE-F8C4-4160-AABC-B95CAC834647}.Release|Any CPU.Build.0 = Release|Any CPU
	EndGlobalSection
	GlobalSection(SolutionProperties) = preSolution
		HideSolutionNode = FALSE
	EndGlobalSection
	GlobalSection(ExtensibilityGlobals) = postSolution
		SolutionGuid = {78D3036D-1A8D-4274-BB3C-787EC7F9DC2C}
	EndGlobalSection
EndGlobal
