
Microsoft Visual Studio Solution File, Format Version 12.00
# Visual Studio Version 17
VisualStudioVersion = 17.9.34622.214
MinimumVisualStudioVersion = 10.0.40219.1
Project("{FAE04EC0-301F-11D3-BF4B-00C04F79EFBC}") = "Booking", "Booking\Booking.csproj", "{B46A0142-F38D-4CC7-B921-7D9283D343C0}"
EndProject
Global
	GlobalSection(SolutionConfigurationPlatforms) = preSolution
		Debug|Any CPU = Debug|Any CPU
		Release|Any CPU = Release|Any CPU
	EndGlobalSection
	GlobalSection(ProjectConfigurationPlatforms) = postSolution
		{B46A0142-F38D-4CC7-B921-7D9283D343C0}.Debug|Any CPU.ActiveCfg = Debug|Any CPU
		{B46A0142-F38D-4CC7-B921-7D9283D343C0}.Debug|Any CPU.Build.0 = Debug|Any CPU
		{B46A0142-F38D-4CC7-B921-7D9283D343C0}.Release|Any CPU.ActiveCfg = Release|Any CPU
		{B46A0142-F38D-4CC7-B921-7D9283D343C0}.Release|Any CPU.Build.0 = Release|Any CPU
	EndGlobalSection
	GlobalSection(SolutionProperties) = preSolution
		HideSolutionNode = FALSE
	EndGlobalSection
	GlobalSection(ExtensibilityGlobals) = postSolution
		SolutionGuid = {26540E2B-686C-4544-99EC-568391FD8C97}
	EndGlobalSection
EndGlobal
